
Microsoft Visual Studio Solution File, Format Version 12.00
# Visual Studio Version 17
VisualStudioVersion = 17.9.34607.119
MinimumVisualStudioVersion = 10.0.40219.1
Project("{8BC9CEB8-8B4A-11D0-8D11-00A0C91BC942}") = "MStack", "MStack.vcxproj", "{81F77522-DFF7-48F7-9D96-F38DF46659C3}"
EndProject
Project("{8BC9CEB8-8B4A-11D0-8D11-00A0C91BC942}") = "TestStack", "..\TestStack\TestStack.vcxproj", "{F57E19E2-0BBB-480E-AB94-A36654B9767E}"
EndProject
Project("{8BC9CEB8-8B4A-11D0-8D11-00A0C91BC942}") = "CppWinForm1", "Graphics-EmptyProject\CppWinForm1.vcxproj", "{9696B190-8A31-45BA-A43E-0287102EF438}"
EndProject
Global
	GlobalSection(SolutionConfigurationPlatforms) = preSolution
		Debug|x64 = Debug|x64
		Debug|x86 = Debug|x86
		Release|x64 = Release|x64
		Release|x86 = Release|x86
	EndGlobalSection
	GlobalSection(ProjectConfigurationPlatforms) = postSolution
		{81F77522-DFF7-48F7-9D96-F38DF46659C3}.Debug|x64.ActiveCfg = Debug|x64
		{81F77522-DFF7-48F7-9D96-F38DF46659C3}.Debug|x64.Build.0 = Debug|x64
		{81F77522-DFF7-48F7-9D96-F38DF46659C3}.Debug|x86.ActiveCfg = Debug|Win32
		{81F77522-DFF7-48F7-9D96-F38DF46659C3}.Debug|x86.Build.0 = Debug|Win32
		{81F77522-DFF7-48F7-9D96-F38DF46659C3}.Release|x64.ActiveCfg = Release|x64
		{81F77522-DFF7-48F7-9D96-F38DF46659C3}.Release|x64.Build.0 = Release|x64
		{81F77522-DFF7-48F7-9D96-F38DF46659C3}.Release|x86.ActiveCfg = Release|Win32
		{81F77522-DFF7-48F7-9D96-F38DF46659C3}.Release|x86.Build.0 = Release|Win32
		{F57E19E2-0BBB-480E-AB94-A36654B9767E}.Debug|x64.ActiveCfg = Debug|x64
		{F57E19E2-0BBB-480E-AB94-A36654B9767E}.Debug|x64.Build.0 = Debug|x64
		{F57E19E2-0BBB-480E-AB94-A36654B9767E}.Debug|x86.ActiveCfg = Debug|Win32
		{F57E19E2-0BBB-480E-AB94-A36654B9767E}.Debug|x86.Build.0 = Debug|Win32
		{F57E19E2-0BBB-480E-AB94-A36654B9767E}.Release|x64.ActiveCfg = Release|x64
		{F57E19E2-0BBB-480E-AB94-A36654B9767E}.Release|x64.Build.0 = Release|x64
		{F57E19E2-0BBB-480E-AB94-A36654B9767E}.Release|x86.ActiveCfg = Release|Win32
		{F57E19E2-0BBB-480E-AB94-A36654B9767E}.Release|x86.Build.0 = Release|Win32
		{9696B190-8A31-45BA-A43E-0287102EF438}.Debug|x64.ActiveCfg = Debug|x64
		{9696B190-8A31-45BA-A43E-0287102EF438}.Debug|x64.Build.0 = Debug|x64
		{9696B190-8A31-45BA-A43E-0287102EF438}.Debug|x86.ActiveCfg = Debug|Win32
		{9696B190-8A31-45BA-A43E-0287102EF438}.Debug|x86.Build.0 = Debug|Win32
		{9696B190-8A31-45BA-A43E-0287102EF438}.Release|x64.ActiveCfg = Release|x64
		{9696B190-8A31-45BA-A43E-0287102EF438}.Release|x64.Build.0 = Release|x64
		{9696B190-8A31-45BA-A43E-0287102EF438}.Release|x86.ActiveCfg = Release|Win32
		{9696B190-8A31-45BA-A43E-0287102EF438}.Release|x86.Build.0 = Release|Win32
	EndGlobalSection
	GlobalSection(SolutionProperties) = preSolution
		HideSolutionNode = FALSE
	EndGlobalSection
	GlobalSection(ExtensibilityGlobals) = postSolution
		SolutionGuid = {6F8BEFF1-B983-4C7A-BD8E-814D8B46D56F}
	EndGlobalSection
EndGlobal
